
Microsoft Visual Studio Solution File, Format Version 12.00
# Visual Studio Version 17
VisualStudioVersion = 17.3.32922.545
MinimumVisualStudioVersion = 10.0.40219.1
Project("{FAE04EC0-301F-11D3-BF4B-00C04F79EFBC}") = "Pharmacy", "Pharmacy\Pharmacy.csproj", "{D93CFF52-BEF0-4D6A-812E-C06ABCA5FBFF}"
EndProject
Global
	GlobalSection(SolutionConfigurationPlatforms) = preSolution
		Debug|Any CPU = Debug|Any CPU
		Release|Any CPU = Release|Any CPU
	EndGlobalSection
	GlobalSection(ProjectConfigurationPlatforms) = postSolution
		{D93CFF52-BEF0-4D6A-812E-C06ABCA5FBFF}.Debug|Any CPU.ActiveCfg = Debug|Any CPU
		{D93CFF52-BEF0-4D6A-812E-C06ABCA5FBFF}.Debug|Any CPU.Build.0 = Debug|Any CPU
		{D93CFF52-BEF0-4D6A-812E-C06ABCA5FBFF}.Release|Any CPU.ActiveCfg = Release|Any CPU
		{D93CFF52-BEF0-4D6A-812E-C06ABCA5FBFF}.Release|Any CPU.Build.0 = Release|Any CPU
	EndGlobalSection
	GlobalSection(SolutionProperties) = preSolution
		HideSolutionNode = FALSE
	EndGlobalSection
	GlobalSection(ExtensibilityGlobals) = postSolution
		SolutionGuid = {DAB79D77-3D80-4FB3-A0BE-B0B2F28FA511}
	EndGlobalSection
EndGlobal
