
Microsoft Visual Studio Solution File, Format Version 12.00
# Visual Studio Version 17
VisualStudioVersion = 17.3.32922.545
MinimumVisualStudioVersion = 10.0.40219.1
Project("{9A19103F-16F7-4668-BE54-9A1E7A4F7556}") = "EmplyeeSystem.domain", "EmplyeeSystem.domain\EmplyeeSystem.domain.csproj", "{8C10E2C7-9A0C-4471-BE5A-A4398CD2875E}"
EndProject
Project("{9A19103F-16F7-4668-BE54-9A1E7A4F7556}") = "EmplyeeSystem.Application", "EmplyeeSystem.Application\EmplyeeSystem.Application.csproj", "{CC4D7244-9481-4197-A88D-47012844A1DE}"
EndProject
Project("{9A19103F-16F7-4668-BE54-9A1E7A4F7556}") = "EmplyeeSystem.Persistence", "EmplyeeSystem.Persistence\EmplyeeSystem.Persistence.csproj", "{AAB0BB55-EAAA-458C-978A-53D23DE0B1FC}"
EndProject
Project("{9A19103F-16F7-4668-BE54-9A1E7A4F7556}") = "EmplyeeSystem.Api", "EmplyeeSystem.Api\EmplyeeSystem.Api.csproj", "{01BDC6D9-1832-41B9-8A7A-F63B39B2064F}"
EndProject
Global
	GlobalSection(SolutionConfigurationPlatforms) = preSolution
		Debug|Any CPU = Debug|Any CPU
		Release|Any CPU = Release|Any CPU
	EndGlobalSection
	GlobalSection(ProjectConfigurationPlatforms) = postSolution
		{8C10E2C7-9A0C-4471-BE5A-A4398CD2875E}.Debug|Any CPU.ActiveCfg = Debug|Any CPU
		{8C10E2C7-9A0C-4471-BE5A-A4398CD2875E}.Debug|Any CPU.Build.0 = Debug|Any CPU
		{8C10E2C7-9A0C-4471-BE5A-A4398CD2875E}.Release|Any CPU.ActiveCfg = Release|Any CPU
		{8C10E2C7-9A0C-4471-BE5A-A4398CD2875E}.Release|Any CPU.Build.0 = Release|Any CPU
		{CC4D7244-9481-4197-A88D-47012844A1DE}.Debug|Any CPU.ActiveCfg = Debug|Any CPU
		{CC4D7244-9481-4197-A88D-47012844A1DE}.Debug|Any CPU.Build.0 = Debug|Any CPU
		{CC4D7244-9481-4197-A88D-47012844A1DE}.Release|Any CPU.ActiveCfg = Release|Any CPU
		{CC4D7244-9481-4197-A88D-47012844A1DE}.Release|Any CPU.Build.0 = Release|Any CPU
		{AAB0BB55-EAAA-458C-978A-53D23DE0B1FC}.Debug|Any CPU.ActiveCfg = Debug|Any CPU
		{AAB0BB55-EAAA-458C-978A-53D23DE0B1FC}.Debug|Any CPU.Build.0 = Debug|Any CPU
		{AAB0BB55-EAAA-458C-978A-53D23DE0B1FC}.Release|Any CPU.ActiveCfg = Release|Any CPU
		{AAB0BB55-EAAA-458C-978A-53D23DE0B1FC}.Release|Any CPU.Build.0 = Release|Any CPU
		{01BDC6D9-1832-41B9-8A7A-F63B39B2064F}.Debug|Any CPU.ActiveCfg = Debug|Any CPU
		{01BDC6D9-1832-41B9-8A7A-F63B39B2064F}.Debug|Any CPU.Build.0 = Debug|Any CPU
		{01BDC6D9-1832-41B9-8A7A-F63B39B2064F}.Release|Any CPU.ActiveCfg = Release|Any CPU
		{01BDC6D9-1832-41B9-8A7A-F63B39B2064F}.Release|Any CPU.Build.0 = Release|Any CPU
	EndGlobalSection
	GlobalSection(SolutionProperties) = preSolution
		HideSolutionNode = FALSE
	EndGlobalSection
	GlobalSection(ExtensibilityGlobals) = postSolution
		SolutionGuid = {C57D9D60-1426-485B-A534-AE01F13B8D63}
	EndGlobalSection
EndGlobal
